
Microsoft Visual Studio Solution File, Format Version 12.00
# Visual Studio Version 16
VisualStudioVersion = 16.0.30503.244
MinimumVisualStudioVersion = 10.0.40219.1
Project("{FAE04EC0-301F-11D3-BF4B-00C04F79EFBC}") = "intelitraide", "intelitraide\intelitraide.csproj", "{01F23853-5F28-47CC-9838-6352A43A9CC8}"
EndProject
Global
	GlobalSection(SolutionConfigurationPlatforms) = preSolution
		Debug|Any CPU = Debug|Any CPU
		Release|Any CPU = Release|Any CPU
	EndGlobalSection
	GlobalSection(ProjectConfigurationPlatforms) = postSolution
		{01F23853-5F28-47CC-9838-6352A43A9CC8}.Debug|Any CPU.ActiveCfg = Debug|Any CPU
		{01F23853-5F28-47CC-9838-6352A43A9CC8}.Debug|Any CPU.Build.0 = Debug|Any CPU
		{01F23853-5F28-47CC-9838-6352A43A9CC8}.Release|Any CPU.ActiveCfg = Release|Any CPU
		{01F23853-5F28-47CC-9838-6352A43A9CC8}.Release|Any CPU.Build.0 = Release|Any CPU
	EndGlobalSection
	GlobalSection(SolutionProperties) = preSolution
		HideSolutionNode = FALSE
	EndGlobalSection
	GlobalSection(ExtensibilityGlobals) = postSolution
		SolutionGuid = {4CBE3BDD-DEBA-428D-A483-E314869E85E2}
	EndGlobalSection
EndGlobal
